
Microsoft Visual Studio Solution File, Format Version 12.00
# Visual Studio Version 17
VisualStudioVersion = 17.4.33213.308
MinimumVisualStudioVersion = 10.0.40219.1
Project("{FAE04EC0-301F-11D3-BF4B-00C04F79EFBC}") = "KanyeAndRon", "KanyeAndRon.csproj", "{6FA578B4-BF41-489C-B1F1-8BD30FFF647D}"
EndProject
Global
	GlobalSection(SolutionConfigurationPlatforms) = preSolution
		Debug|Any CPU = Debug|Any CPU
		Release|Any CPU = Release|Any CPU
	EndGlobalSection
	GlobalSection(ProjectConfigurationPlatforms) = postSolution
		{6FA578B4-BF41-489C-B1F1-8BD30FFF647D}.Debug|Any CPU.ActiveCfg = Debug|Any CPU
		{6FA578B4-BF41-489C-B1F1-8BD30FFF647D}.Debug|Any CPU.Build.0 = Debug|Any CPU
		{6FA578B4-BF41-489C-B1F1-8BD30FFF647D}.Release|Any CPU.ActiveCfg = Release|Any CPU
		{6FA578B4-BF41-489C-B1F1-8BD30FFF647D}.Release|Any CPU.Build.0 = Release|Any CPU
	EndGlobalSection
	GlobalSection(SolutionProperties) = preSolution
		HideSolutionNode = FALSE
	EndGlobalSection
	GlobalSection(ExtensibilityGlobals) = postSolution
		SolutionGuid = {BC227B4B-034B-46C6-8B27-7C6994C76959}
	EndGlobalSection
EndGlobal
